// !$*UTF8*$!
{
	archiveVersion = 1;
	classes = {
	};
	objectVersion = 46;
	objects = {

/* Begin PBXBuildFile section */
		002F21B6199F031B00EE889C /* Foundation.framework in Frameworks */ = {isa = PBXBuildFile; fileRef = 002F21B5199F031B00EE889C /* Foundation.framework */; };
		002F21B8199F031B00EE889C /* CoreGraphics.framework in Frameworks */ = {isa = PBXBuildFile; fileRef = 002F21B7199F031B00EE889C /* CoreGraphics.framework */; };
		002F21BA199F031B00EE889C /* UIKit.framework in Frameworks */ = {isa = PBXBuildFile; fileRef = 002F21B9199F031B00EE889C /* UIKit.framework */; };
		002F21C0199F031B00EE889C /* InfoPlist.strings in Resources */ = {isa = PBXBuildFile; fileRef = 002F21BE199F031B00EE889C /* InfoPlist.strings */; };
		002F21C2199F031B00EE889C /* main.m in Sources */ = {isa = PBXBuildFile; fileRef = 002F21C1199F031B00EE889C /* main.m */; };
		002F21C6199F031B00EE889C /* AppDelegate.m in Sources */ = {isa = PBXBuildFile; fileRef = 002F21C5199F031B00EE889C /* AppDelegate.m */; };
		002F21C9199F031B00EE889C /* Main.storyboard in Resources */ = {isa = PBXBuildFile; fileRef = 002F21C7199F031B00EE889C /* Main.storyboard */; };
		002F21CC199F031B00EE889C /* ViewController.m in Sources */ = {isa = PBXBuildFile; fileRef = 002F21CB199F031B00EE889C /* ViewController.m */; };
		002F21CE199F031B00EE889C /* Images.xcassets in Resources */ = {isa = PBXBuildFile; fileRef = 002F21CD199F031B00EE889C /* Images.xcassets */; };
		002F21D5199F031B00EE889C /* XCTest.framework in Frameworks */ = {isa = PBXBuildFile; fileRef = 002F21D4199F031B00EE889C /* XCTest.framework */; };
		002F21D6199F031B00EE889C /* Foundation.framework in Frameworks */ = {isa = PBXBuildFile; fileRef = 002F21B5199F031B00EE889C /* Foundation.framework */; };
		002F21D7199F031B00EE889C /* UIKit.framework in Frameworks */ = {isa = PBXBuildFile; fileRef = 002F21B9199F031B00EE889C /* UIKit.framework */; };
		002F21DF199F031B00EE889C /* InfoPlist.strings in Resources */ = {isa = PBXBuildFile; fileRef = 002F21DD199F031B00EE889C /* InfoPlist.strings */; };
		002F21E1199F031B00EE889C /* ShuttleBusTests.m in Sources */ = {isa = PBXBuildFile; fileRef = 002F21E0199F031B00EE889C /* ShuttleBusTests.m */; };
		002F21F6199F137E00EE889C /* GHRevealViewController.m in Sources */ = {isa = PBXBuildFile; fileRef = 002F21EC199F137E00EE889C /* GHRevealViewController.m */; };
		002F21F7199F137E00EE889C /* GHSidebarSearchViewController.m in Sources */ = {isa = PBXBuildFile; fileRef = 002F21EE199F137E00EE889C /* GHSidebarSearchViewController.m */; };
		002F21F8199F137E00EE889C /* searchBarBG.png in Resources */ = {isa = PBXBuildFile; fileRef = 002F21F1199F137E00EE889C /* searchBarBG.png */; };
		002F21F9199F137E00EE889C /* searchBarIcon.png in Resources */ = {isa = PBXBuildFile; fileRef = 002F21F2199F137E00EE889C /* searchBarIcon.png */; };
		002F21FA199F137E00EE889C /* searchBarIcon@2x.png in Resources */ = {isa = PBXBuildFile; fileRef = 002F21F3199F137E00EE889C /* searchBarIcon@2x.png */; };
		002F21FB199F137E00EE889C /* searchTextBG.png in Resources */ = {isa = PBXBuildFile; fileRef = 002F21F4199F137E00EE889C /* searchTextBG.png */; };
		002F21FC199F137E00EE889C /* user.png in Resources */ = {isa = PBXBuildFile; fileRef = 002F21F5199F137E00EE889C /* user.png */; };
		002F21FF199FA2F900EE889C /* bgMain.jpg in Resources */ = {isa = PBXBuildFile; fileRef = 002F21FE199FA2F900EE889C /* bgMain.jpg */; };
		002F2202199FA7C500EE889C /* MenuListViewController.m in Sources */ = {isa = PBXBuildFile; fileRef = 002F2201199FA7C500EE889C /* MenuListViewController.m */; };
		002F2205199FB29600EE889C /* HomeViewController.m in Sources */ = {isa = PBXBuildFile; fileRef = 002F2204199FB29600EE889C /* HomeViewController.m */; };
		002F2208199FB54000EE889C /* SideMenuUtil.m in Sources */ = {isa = PBXBuildFile; fileRef = 002F2207199FB54000EE889C /* SideMenuUtil.m */; };
		002F220B199FBC9D00EE889C /* ShuttleBusViewController.m in Sources */ = {isa = PBXBuildFile; fileRef = 002F220A199FBC9D00EE889C /* ShuttleBusViewController.m */; };
		002F220E199FBFCA00EE889C /* MenuListCell.m in Sources */ = {isa = PBXBuildFile; fileRef = 002F220D199FBFCA00EE889C /* MenuListCell.m */; };
		002F221019A0767B00EE889C /* MapKit.framework in Frameworks */ = {isa = PBXBuildFile; fileRef = 002F220F19A0767B00EE889C /* MapKit.framework */; };
		002F221419A08D7C00EE889C /* CoreLocation.framework in Frameworks */ = {isa = PBXBuildFile; fileRef = 002F221319A08D7C00EE889C /* CoreLocation.framework */; };
		002F221719A09B7F00EE889C /* MarkPoint.m in Sources */ = {isa = PBXBuildFile; fileRef = 002F221619A09B7F00EE889C /* MarkPoint.m */; };
		0138A9811A360F440010FF87 /* ClientSetting.m in Sources */ = {isa = PBXBuildFile; fileRef = 0138A9791A360F440010FF87 /* ClientSetting.m */; };
		0138A9821A360F440010FF87 /* RestRequestor.m in Sources */ = {isa = PBXBuildFile; fileRef = 0138A97C1A360F440010FF87 /* RestRequestor.m */; };
		0138A9831A360F440010FF87 /* ShareObject.m in Sources */ = {isa = PBXBuildFile; fileRef = 0138A97E1A360F440010FF87 /* ShareObject.m */; };
		01A429A61A3CA15800FE1F20 /* CDSideBarController.m in Sources */ = {isa = PBXBuildFile; fileRef = 01A429A51A3CA15800FE1F20 /* CDSideBarController.m */; };
		01A429AC1A3CA16F00FE1F20 /* menuChat.png in Resources */ = {isa = PBXBuildFile; fileRef = 01A429A71A3CA16F00FE1F20 /* menuChat.png */; };
		01A429AD1A3CA16F00FE1F20 /* menuClose.png in Resources */ = {isa = PBXBuildFile; fileRef = 01A429A81A3CA16F00FE1F20 /* menuClose.png */; };
		01A429AE1A3CA16F00FE1F20 /* menuIcon.png in Resources */ = {isa = PBXBuildFile; fileRef = 01A429A91A3CA16F00FE1F20 /* menuIcon.png */; };
		01A429AF1A3CA16F00FE1F20 /* menuMap.png in Resources */ = {isa = PBXBuildFile; fileRef = 01A429AA1A3CA16F00FE1F20 /* menuMap.png */; };
		01A429B01A3CA16F00FE1F20 /* menuUsers.png in Resources */ = {isa = PBXBuildFile; fileRef = 01A429AB1A3CA16F00FE1F20 /* menuUsers.png */; };
		01A429B31A3CB05000FE1F20 /* ShuttleAPI.m in Sources */ = {isa = PBXBuildFile; fileRef = 01A429B21A3CB05000FE1F20 /* ShuttleAPI.m */; };
		01A429B51A3D5CF800FE1F20 /* busLocation.png in Resources */ = {isa = PBXBuildFile; fileRef = 01A429B41A3D5CF800FE1F20 /* busLocation.png */; };
		01A429B71A3D5F4500FE1F20 /* myLocation.png in Resources */ = {isa = PBXBuildFile; fileRef = 01A429B61A3D5F4500FE1F20 /* myLocation.png */; };
		01A429C91A3D749700FE1F20 /* bgList.jpg in Resources */ = {isa = PBXBuildFile; fileRef = 01A429C81A3D749700FE1F20 /* bgList.jpg */; };
		01A429CC1A3D76E400FE1F20 /* BusInfoTableViewController.m in Sources */ = {isa = PBXBuildFile; fileRef = 01A429CB1A3D76E400FE1F20 /* BusInfoTableViewController.m */; };
		01A429D21A3D7F8200FE1F20 /* JAActionButton.m in Sources */ = {isa = PBXBuildFile; fileRef = 01A429CF1A3D7F8200FE1F20 /* JAActionButton.m */; };
		01A429D31A3D7F8200FE1F20 /* JASwipeCell.m in Sources */ = {isa = PBXBuildFile; fileRef = 01A429D11A3D7F8200FE1F20 /* JASwipeCell.m */; };
		01A429D61A3D8A2700FE1F20 /* BusInfoTableViewCell.m in Sources */ = {isa = PBXBuildFile; fileRef = 01A429D51A3D8A2700FE1F20 /* BusInfoTableViewCell.m */; };
		01A429E11A3D8AC000FE1F20 /* ALView+PureLayout.m in Sources */ = {isa = PBXBuildFile; fileRef = 01A429D91A3D8AC000FE1F20 /* ALView+PureLayout.m */; };
		01A429E21A3D8AC000FE1F20 /* NSArray+PureLayout.m in Sources */ = {isa = PBXBuildFile; fileRef = 01A429DB1A3D8AC000FE1F20 /* NSArray+PureLayout.m */; };
		01A429E31A3D8AC000FE1F20 /* NSLayoutConstraint+PureLayout.m in Sources */ = {isa = PBXBuildFile; fileRef = 01A429DD1A3D8AC000FE1F20 /* NSLayoutConstraint+PureLayout.m */; };
		01B14E121A3899CD0070961C /* BusLocationAnnotation.m in Sources */ = {isa = PBXBuildFile; fileRef = 01B14E111A3899CD0070961C /* BusLocationAnnotation.m */; };
		01B14E151A38A9DF0070961C /* MyLocationAnnotation.m in Sources */ = {isa = PBXBuildFile; fileRef = 01B14E141A38A9DF0070961C /* MyLocationAnnotation.m */; };
		01B14E1F1A38C0C30070961C /* DOPDropDownMenu.m in Sources */ = {isa = PBXBuildFile; fileRef = 01B14E1E1A38C0C30070961C /* DOPDropDownMenu.m */; };
		01B783FC1A223C3B00DCA563 /* evening.png in Resources */ = {isa = PBXBuildFile; fileRef = 01B783FA1A223C3B00DCA563 /* evening.png */; };
		01B783FD1A223C3B00DCA563 /* morning.png in Resources */ = {isa = PBXBuildFile; fileRef = 01B783FB1A223C3B00DCA563 /* morning.png */; };
		01B783FF1A223CEC00DCA563 /* icon.png in Resources */ = {isa = PBXBuildFile; fileRef = 01B783FE1A223CEC00DCA563 /* icon.png */; };
		01B784011A22406900DCA563 /* person.png in Resources */ = {isa = PBXBuildFile; fileRef = 01B784001A22406900DCA563 /* person.png */; };
		01B784031A22407900DCA563 /* bus.png in Resources */ = {isa = PBXBuildFile; fileRef = 01B784021A22407900DCA563 /* bus.png */; };
		01B784051A2240C600DCA563 /* mark.png in Resources */ = {isa = PBXBuildFile; fileRef = 01B784041A2240C600DCA563 /* mark.png */; };
		01B850861A34D190008A2DF2 /* SettingViewController.m in Sources */ = {isa = PBXBuildFile; fileRef = 01B850851A34D190008A2DF2 /* SettingViewController.m */; };
		A89C6ED2DBF0583B1BBF251F /* libPods.a in Frameworks */ = {isa = PBXBuildFile; fileRef = EC31B6BC42E7EDFE6D0C3D5B /* libPods.a */; };
/* End PBXBuildFile section */

/* Begin PBXContainerItemProxy section */
		002F21D8199F031B00EE889C /* PBXContainerItemProxy */ = {
			isa = PBXContainerItemProxy;
			containerPortal = 002F21AA199F031B00EE889C /* Project object */;
			proxyType = 1;
			remoteGlobalIDString = 002F21B1199F031B00EE889C;
			remoteInfo = ShuttleBus;
		};
/* End PBXContainerItemProxy section */

/* Begin PBXFileReference section */
		002F21B2199F031B00EE889C /* ShuttleBus.app */ = {isa = PBXFileReference; explicitFileType = wrapper.application; includeInIndex = 0; path = ShuttleBus.app; sourceTree = BUILT_PRODUCTS_DIR; };
		002F21B5199F031B00EE889C /* Foundation.framework */ = {isa = PBXFileReference; lastKnownFileType = wrapper.framework; name = Foundation.framework; path = System/Library/Frameworks/Foundation.framework; sourceTree = SDKROOT; };
		002F21B7199F031B00EE889C /* CoreGraphics.framework */ = {isa = PBXFileReference; lastKnownFileType = wrapper.framework; name = CoreGraphics.framework; path = System/Library/Frameworks/CoreGraphics.framework; sourceTree = SDKROOT; };
		002F21B9199F031B00EE889C /* UIKit.framework */ = {isa = PBXFileReference; lastKnownFileType = wrapper.framework; name = UIKit.framework; path = System/Library/Frameworks/UIKit.framework; sourceTree = SDKROOT; };
		002F21BD199F031B00EE889C /* ShuttleBus-Info.plist */ = {isa = PBXFileReference; lastKnownFileType = text.plist.xml; path = "ShuttleBus-Info.plist"; sourceTree = "<group>"; };
		002F21BF199F031B00EE889C /* en */ = {isa = PBXFileReference; lastKnownFileType = text.plist.strings; name = en; path = en.lproj/InfoPlist.strings; sourceTree = "<group>"; };
		002F21C1199F031B00EE889C /* main.m */ = {isa = PBXFileReference; lastKnownFileType = sourcecode.c.objc; path = main.m; sourceTree = "<group>"; };
		002F21C3199F031B00EE889C /* ShuttleBus-Prefix.pch */ = {isa = PBXFileReference; lastKnownFileType = sourcecode.c.h; path = "ShuttleBus-Prefix.pch"; sourceTree = "<group>"; };
		002F21C4199F031B00EE889C /* AppDelegate.h */ = {isa = PBXFileReference; lastKnownFileType = sourcecode.c.h; path = AppDelegate.h; sourceTree = "<group>"; };
		002F21C5199F031B00EE889C /* AppDelegate.m */ = {isa = PBXFileReference; lastKnownFileType = sourcecode.c.objc; path = AppDelegate.m; sourceTree = "<group>"; };
		002F21C8199F031B00EE889C /* Base */ = {isa = PBXFileReference; lastKnownFileType = file.storyboard; name = Base; path = Base.lproj/Main.storyboard; sourceTree = "<group>"; };
		002F21CA199F031B00EE889C /* ViewController.h */ = {isa = PBXFileReference; lastKnownFileType = sourcecode.c.h; path = ViewController.h; sourceTree = "<group>"; };
		002F21CB199F031B00EE889C /* ViewController.m */ = {isa = PBXFileReference; lastKnownFileType = sourcecode.c.objc; path = ViewController.m; sourceTree = "<group>"; };
		002F21CD199F031B00EE889C /* Images.xcassets */ = {isa = PBXFileReference; lastKnownFileType = folder.assetcatalog; path = Images.xcassets; sourceTree = "<group>"; };
		002F21D3199F031B00EE889C /* ShuttleBusTests.xctest */ = {isa = PBXFileReference; explicitFileType = wrapper.cfbundle; includeInIndex = 0; path = ShuttleBusTests.xctest; sourceTree = BUILT_PRODUCTS_DIR; };
		002F21D4199F031B00EE889C /* XCTest.framework */ = {isa = PBXFileReference; lastKnownFileType = wrapper.framework; name = XCTest.framework; path = Library/Frameworks/XCTest.framework; sourceTree = DEVELOPER_DIR; };
		002F21DC199F031B00EE889C /* ShuttleBusTests-Info.plist */ = {isa = PBXFileReference; lastKnownFileType = text.plist.xml; path = "ShuttleBusTests-Info.plist"; sourceTree = "<group>"; };
		002F21DE199F031B00EE889C /* en */ = {isa = PBXFileReference; lastKnownFileType = text.plist.strings; name = en; path = en.lproj/InfoPlist.strings; sourceTree = "<group>"; };
		002F21E0199F031B00EE889C /* ShuttleBusTests.m */ = {isa = PBXFileReference; lastKnownFileType = sourcecode.c.objc; path = ShuttleBusTests.m; sourceTree = "<group>"; };
		002F21EB199F137E00EE889C /* GHRevealViewController.h */ = {isa = PBXFileReference; fileEncoding = 4; lastKnownFileType = sourcecode.c.h; path = GHRevealViewController.h; sourceTree = "<group>"; };
		002F21EC199F137E00EE889C /* GHRevealViewController.m */ = {isa = PBXFileReference; fileEncoding = 4; lastKnownFileType = sourcecode.c.objc; path = GHRevealViewController.m; sourceTree = "<group>"; };
		002F21ED199F137E00EE889C /* GHSidebarSearchViewController.h */ = {isa = PBXFileReference; fileEncoding = 4; lastKnownFileType = sourcecode.c.h; path = GHSidebarSearchViewController.h; sourceTree = "<group>"; };
		002F21EE199F137E00EE889C /* GHSidebarSearchViewController.m */ = {isa = PBXFileReference; fileEncoding = 4; lastKnownFileType = sourcecode.c.objc; path = GHSidebarSearchViewController.m; sourceTree = "<group>"; };
		002F21EF199F137E00EE889C /* GHSidebarSearchViewControllerDelegate.h */ = {isa = PBXFileReference; fileEncoding = 4; lastKnownFileType = sourcecode.c.h; path = GHSidebarSearchViewControllerDelegate.h; sourceTree = "<group>"; };
		002F21F1199F137E00EE889C /* searchBarBG.png */ = {isa = PBXFileReference; lastKnownFileType = image.png; path = searchBarBG.png; sourceTree = "<group>"; };
		002F21F2199F137E00EE889C /* searchBarIcon.png */ = {isa = PBXFileReference; lastKnownFileType = image.png; path = searchBarIcon.png; sourceTree = "<group>"; };
		002F21F3199F137E00EE889C /* searchBarIcon@2x.png */ = {isa = PBXFileReference; lastKnownFileType = image.png; path = "searchBarIcon@2x.png"; sourceTree = "<group>"; };
		002F21F4199F137E00EE889C /* searchTextBG.png */ = {isa = PBXFileReference; lastKnownFileType = image.png; path = searchTextBG.png; sourceTree = "<group>"; };
		002F21F5199F137E00EE889C /* user.png */ = {isa = PBXFileReference; lastKnownFileType = image.png; path = user.png; sourceTree = "<group>"; };
		002F21FD199F9EC400EE889C /* IRevealControllerProperty.h */ = {isa = PBXFileReference; fileEncoding = 4; lastKnownFileType = sourcecode.c.h; path = IRevealControllerProperty.h; sourceTree = "<group>"; };
		002F21FE199FA2F900EE889C /* bgMain.jpg */ = {isa = PBXFileReference; lastKnownFileType = image.jpeg; path = bgMain.jpg; sourceTree = "<group>"; };
		002F2200199FA7C500EE889C /* MenuListViewController.h */ = {isa = PBXFileReference; fileEncoding = 4; lastKnownFileType = sourcecode.c.h; path = MenuListViewController.h; sourceTree = "<group>"; };
		002F2201199FA7C500EE889C /* MenuListViewController.m */ = {isa = PBXFileReference; fileEncoding = 4; lastKnownFileType = sourcecode.c.objc; path = MenuListViewController.m; sourceTree = "<group>"; };
		002F2203199FB29500EE889C /* HomeViewController.h */ = {isa = PBXFileReference; fileEncoding = 4; lastKnownFileType = sourcecode.c.h; path = HomeViewController.h; sourceTree = "<group>"; };
		002F2204199FB29600EE889C /* HomeViewController.m */ = {isa = PBXFileReference; fileEncoding = 4; lastKnownFileType = sourcecode.c.objc; path = HomeViewController.m; sourceTree = "<group>"; };
		002F2206199FB54000EE889C /* SideMenuUtil.h */ = {isa = PBXFileReference; fileEncoding = 4; lastKnownFileType = sourcecode.c.h; path = SideMenuUtil.h; sourceTree = "<group>"; };
		002F2207199FB54000EE889C /* SideMenuUtil.m */ = {isa = PBXFileReference; fileEncoding = 4; lastKnownFileType = sourcecode.c.objc; path = SideMenuUtil.m; sourceTree = "<group>"; };
		002F2209199FBC9D00EE889C /* ShuttleBusViewController.h */ = {isa = PBXFileReference; fileEncoding = 4; lastKnownFileType = sourcecode.c.h; path = ShuttleBusViewController.h; sourceTree = "<group>"; };
		002F220A199FBC9D00EE889C /* ShuttleBusViewController.m */ = {isa = PBXFileReference; fileEncoding = 4; lastKnownFileType = sourcecode.c.objc; path = ShuttleBusViewController.m; sourceTree = "<group>"; };
		002F220C199FBFCA00EE889C /* MenuListCell.h */ = {isa = PBXFileReference; fileEncoding = 4; lastKnownFileType = sourcecode.c.h; path = MenuListCell.h; sourceTree = "<group>"; };
		002F220D199FBFCA00EE889C /* MenuListCell.m */ = {isa = PBXFileReference; fileEncoding = 4; lastKnownFileType = sourcecode.c.objc; path = MenuListCell.m; sourceTree = "<group>"; };
		002F220F19A0767B00EE889C /* MapKit.framework */ = {isa = PBXFileReference; lastKnownFileType = wrapper.framework; name = MapKit.framework; path = System/Library/Frameworks/MapKit.framework; sourceTree = SDKROOT; };
		002F221319A08D7C00EE889C /* CoreLocation.framework */ = {isa = PBXFileReference; lastKnownFileType = wrapper.framework; name = CoreLocation.framework; path = System/Library/Frameworks/CoreLocation.framework; sourceTree = SDKROOT; };
		002F221519A09B7F00EE889C /* MarkPoint.h */ = {isa = PBXFileReference; fileEncoding = 4; lastKnownFileType = sourcecode.c.h; path = MarkPoint.h; sourceTree = "<group>"; };
		002F221619A09B7F00EE889C /* MarkPoint.m */ = {isa = PBXFileReference; fileEncoding = 4; lastKnownFileType = sourcecode.c.objc; path = MarkPoint.m; sourceTree = "<group>"; };
		0138A9781A360F440010FF87 /* ClientSetting.h */ = {isa = PBXFileReference; fileEncoding = 4; lastKnownFileType = sourcecode.c.h; path = ClientSetting.h; sourceTree = "<group>"; };
		0138A9791A360F440010FF87 /* ClientSetting.m */ = {isa = PBXFileReference; fileEncoding = 4; lastKnownFileType = sourcecode.c.objc; path = ClientSetting.m; sourceTree = "<group>"; };
		0138A97B1A360F440010FF87 /* RestRequestor.h */ = {isa = PBXFileReference; fileEncoding = 4; lastKnownFileType = sourcecode.c.h; path = RestRequestor.h; sourceTree = "<group>"; };
		0138A97C1A360F440010FF87 /* RestRequestor.m */ = {isa = PBXFileReference; fileEncoding = 4; lastKnownFileType = sourcecode.c.objc; path = RestRequestor.m; sourceTree = "<group>"; };
		0138A97D1A360F440010FF87 /* ShareObject.h */ = {isa = PBXFileReference; fileEncoding = 4; lastKnownFileType = sourcecode.c.h; path = ShareObject.h; sourceTree = "<group>"; };
		0138A97E1A360F440010FF87 /* ShareObject.m */ = {isa = PBXFileReference; fileEncoding = 4; lastKnownFileType = sourcecode.c.objc; path = ShareObject.m; sourceTree = "<group>"; };
		01A429A41A3CA15800FE1F20 /* CDSideBarController.h */ = {isa = PBXFileReference; fileEncoding = 4; lastKnownFileType = sourcecode.c.h; path = CDSideBarController.h; sourceTree = "<group>"; };
		01A429A51A3CA15800FE1F20 /* CDSideBarController.m */ = {isa = PBXFileReference; fileEncoding = 4; lastKnownFileType = sourcecode.c.objc; path = CDSideBarController.m; sourceTree = "<group>"; };
		01A429A71A3CA16F00FE1F20 /* menuChat.png */ = {isa = PBXFileReference; lastKnownFileType = image.png; path = menuChat.png; sourceTree = "<group>"; };
		01A429A81A3CA16F00FE1F20 /* menuClose.png */ = {isa = PBXFileReference; lastKnownFileType = image.png; path = menuClose.png; sourceTree = "<group>"; };
		01A429A91A3CA16F00FE1F20 /* menuIcon.png */ = {isa = PBXFileReference; lastKnownFileType = image.png; path = menuIcon.png; sourceTree = "<group>"; };
		01A429AA1A3CA16F00FE1F20 /* menuMap.png */ = {isa = PBXFileReference; lastKnownFileType = image.png; path = menuMap.png; sourceTree = "<group>"; };
		01A429AB1A3CA16F00FE1F20 /* menuUsers.png */ = {isa = PBXFileReference; lastKnownFileType = image.png; path = menuUsers.png; sourceTree = "<group>"; };
		01A429B11A3CB05000FE1F20 /* ShuttleAPI.h */ = {isa = PBXFileReference; fileEncoding = 4; lastKnownFileType = sourcecode.c.h; path = ShuttleAPI.h; sourceTree = "<group>"; };
		01A429B21A3CB05000FE1F20 /* ShuttleAPI.m */ = {isa = PBXFileReference; fileEncoding = 4; lastKnownFileType = sourcecode.c.objc; path = ShuttleAPI.m; sourceTree = "<group>"; };
		01A429B41A3D5CF800FE1F20 /* busLocation.png */ = {isa = PBXFileReference; lastKnownFileType = image.png; path = busLocation.png; sourceTree = "<group>"; };
		01A429B61A3D5F4500FE1F20 /* myLocation.png */ = {isa = PBXFileReference; lastKnownFileType = image.png; path = myLocation.png; sourceTree = "<group>"; };
		01A429C81A3D749700FE1F20 /* bgList.jpg */ = {isa = PBXFileReference; lastKnownFileType = image.jpeg; path = bgList.jpg; sourceTree = "<group>"; };
		01A429CA1A3D76E400FE1F20 /* BusInfoTableViewController.h */ = {isa = PBXFileReference; fileEncoding = 4; lastKnownFileType = sourcecode.c.h; path = BusInfoTableViewController.h; sourceTree = "<group>"; };
		01A429CB1A3D76E400FE1F20 /* BusInfoTableViewController.m */ = {isa = PBXFileReference; fileEncoding = 4; lastKnownFileType = sourcecode.c.objc; path = BusInfoTableViewController.m; sourceTree = "<group>"; };
		01A429CE1A3D7F8200FE1F20 /* JAActionButton.h */ = {isa = PBXFileReference; fileEncoding = 4; lastKnownFileType = sourcecode.c.h; path = JAActionButton.h; sourceTree = "<group>"; };
		01A429CF1A3D7F8200FE1F20 /* JAActionButton.m */ = {isa = PBXFileReference; fileEncoding = 4; lastKnownFileType = sourcecode.c.objc; path = JAActionButton.m; sourceTree = "<group>"; };
		01A429D01A3D7F8200FE1F20 /* JASwipeCell.h */ = {isa = PBXFileReference; fileEncoding = 4; lastKnownFileType = sourcecode.c.h; path = JASwipeCell.h; sourceTree = "<group>"; };
		01A429D11A3D7F8200FE1F20 /* JASwipeCell.m */ = {isa = PBXFileReference; fileEncoding = 4; lastKnownFileType = sourcecode.c.objc; path = JASwipeCell.m; sourceTree = "<group>"; };
		01A429D41A3D8A2700FE1F20 /* BusInfoTableViewCell.h */ = {isa = PBXFileReference; fileEncoding = 4; lastKnownFileType = sourcecode.c.h; path = BusInfoTableViewCell.h; sourceTree = "<group>"; };
		01A429D51A3D8A2700FE1F20 /* BusInfoTableViewCell.m */ = {isa = PBXFileReference; fileEncoding = 4; lastKnownFileType = sourcecode.c.objc; path = BusInfoTableViewCell.m; sourceTree = "<group>"; };
		01A429D81A3D8AC000FE1F20 /* ALView+PureLayout.h */ = {isa = PBXFileReference; fileEncoding = 4; lastKnownFileType = sourcecode.c.h; path = "ALView+PureLayout.h"; sourceTree = "<group>"; };
		01A429D91A3D8AC000FE1F20 /* ALView+PureLayout.m */ = {isa = PBXFileReference; fileEncoding = 4; lastKnownFileType = sourcecode.c.objc; path = "ALView+PureLayout.m"; sourceTree = "<group>"; };
		01A429DA1A3D8AC000FE1F20 /* NSArray+PureLayout.h */ = {isa = PBXFileReference; fileEncoding = 4; lastKnownFileType = sourcecode.c.h; path = "NSArray+PureLayout.h"; sourceTree = "<group>"; };
		01A429DB1A3D8AC000FE1F20 /* NSArray+PureLayout.m */ = {isa = PBXFileReference; fileEncoding = 4; lastKnownFileType = sourcecode.c.objc; path = "NSArray+PureLayout.m"; sourceTree = "<group>"; };
		01A429DC1A3D8AC000FE1F20 /* NSLayoutConstraint+PureLayout.h */ = {isa = PBXFileReference; fileEncoding = 4; lastKnownFileType = sourcecode.c.h; path = "NSLayoutConstraint+PureLayout.h"; sourceTree = "<group>"; };
		01A429DD1A3D8AC000FE1F20 /* NSLayoutConstraint+PureLayout.m */ = {isa = PBXFileReference; fileEncoding = 4; lastKnownFileType = sourcecode.c.objc; path = "NSLayoutConstraint+PureLayout.m"; sourceTree = "<group>"; };
		01A429DE1A3D8AC000FE1F20 /* PureLayout+Internal.h */ = {isa = PBXFileReference; fileEncoding = 4; lastKnownFileType = sourcecode.c.h; path = "PureLayout+Internal.h"; sourceTree = "<group>"; };
		01A429DF1A3D8AC000FE1F20 /* PureLayout.h */ = {isa = PBXFileReference; fileEncoding = 4; lastKnownFileType = sourcecode.c.h; path = PureLayout.h; sourceTree = "<group>"; };
		01A429E01A3D8AC000FE1F20 /* PureLayoutDefines.h */ = {isa = PBXFileReference; fileEncoding = 4; lastKnownFileType = sourcecode.c.h; path = PureLayoutDefines.h; sourceTree = "<group>"; };
		01B14E101A3899CD0070961C /* BusLocationAnnotation.h */ = {isa = PBXFileReference; fileEncoding = 4; lastKnownFileType = sourcecode.c.h; path = BusLocationAnnotation.h; sourceTree = "<group>"; };
		01B14E111A3899CD0070961C /* BusLocationAnnotation.m */ = {isa = PBXFileReference; fileEncoding = 4; lastKnownFileType = sourcecode.c.objc; path = BusLocationAnnotation.m; sourceTree = "<group>"; };
		01B14E131A38A9DF0070961C /* MyLocationAnnotation.h */ = {isa = PBXFileReference; fileEncoding = 4; lastKnownFileType = sourcecode.c.h; path = MyLocationAnnotation.h; sourceTree = "<group>"; };
		01B14E141A38A9DF0070961C /* MyLocationAnnotation.m */ = {isa = PBXFileReference; fileEncoding = 4; lastKnownFileType = sourcecode.c.objc; path = MyLocationAnnotation.m; sourceTree = "<group>"; };
		01B14E1D1A38C0C30070961C /* DOPDropDownMenu.h */ = {isa = PBXFileReference; fileEncoding = 4; lastKnownFileType = sourcecode.c.h; path = DOPDropDownMenu.h; sourceTree = "<group>"; };
		01B14E1E1A38C0C30070961C /* DOPDropDownMenu.m */ = {isa = PBXFileReference; fileEncoding = 4; lastKnownFileType = sourcecode.c.objc; path = DOPDropDownMenu.m; sourceTree = "<group>"; };
		01B783FA1A223C3B00DCA563 /* evening.png */ = {isa = PBXFileReference; lastKnownFileType = image.png; path = evening.png; sourceTree = "<group>"; };
		01B783FB1A223C3B00DCA563 /* morning.png */ = {isa = PBXFileReference; lastKnownFileType = image.png; path = morning.png; sourceTree = "<group>"; };
		01B783FE1A223CEC00DCA563 /* icon.png */ = {isa = PBXFileReference; lastKnownFileType = image.png; path = icon.png; sourceTree = "<group>"; };
		01B784001A22406900DCA563 /* person.png */ = {isa = PBXFileReference; lastKnownFileType = image.png; path = person.png; sourceTree = "<group>"; };
		01B784021A22407900DCA563 /* bus.png */ = {isa = PBXFileReference; lastKnownFileType = image.png; path = bus.png; sourceTree = "<group>"; };
		01B784041A2240C600DCA563 /* mark.png */ = {isa = PBXFileReference; lastKnownFileType = image.png; path = mark.png; sourceTree = "<group>"; };
		01B850841A34D190008A2DF2 /* SettingViewController.h */ = {isa = PBXFileReference; fileEncoding = 4; lastKnownFileType = sourcecode.c.h; path = SettingViewController.h; sourceTree = "<group>"; };
		01B850851A34D190008A2DF2 /* SettingViewController.m */ = {isa = PBXFileReference; fileEncoding = 4; lastKnownFileType = sourcecode.c.objc; path = SettingViewController.m; sourceTree = "<group>"; };
		5BD4E70DCD06908DA5964202 /* Pods.release.xcconfig */ = {isa = PBXFileReference; includeInIndex = 1; lastKnownFileType = text.xcconfig; name = Pods.release.xcconfig; path = "Pods/Target Support Files/Pods/Pods.release.xcconfig"; sourceTree = "<group>"; };
		824A66AC80967CE1ACD17EA6 /* Pods.debug.xcconfig */ = {isa = PBXFileReference; includeInIndex = 1; lastKnownFileType = text.xcconfig; name = Pods.debug.xcconfig; path = "Pods/Target Support Files/Pods/Pods.debug.xcconfig"; sourceTree = "<group>"; };
		EC31B6BC42E7EDFE6D0C3D5B /* libPods.a */ = {isa = PBXFileReference; explicitFileType = archive.ar; includeInIndex = 0; path = libPods.a; sourceTree = BUILT_PRODUCTS_DIR; };
/* End PBXFileReference section */

/* Begin PBXFrameworksBuildPhase section */
		002F21AF199F031B00EE889C /* Frameworks */ = {
			isa = PBXFrameworksBuildPhase;
			buildActionMask = 2147483647;
			files = (
				002F221419A08D7C00EE889C /* CoreLocation.framework in Frameworks */,
				002F221019A0767B00EE889C /* MapKit.framework in Frameworks */,
				002F21B8199F031B00EE889C /* CoreGraphics.framework in Frameworks */,
				002F21BA199F031B00EE889C /* UIKit.framework in Frameworks */,
				002F21B6199F031B00EE889C /* Foundation.framework in Frameworks */,
				A89C6ED2DBF0583B1BBF251F /* libPods.a in Frameworks */,
			);
			runOnlyForDeploymentPostprocessing = 0;
		};
		002F21D0199F031B00EE889C /* Frameworks */ = {
			isa = PBXFrameworksBuildPhase;
			buildActionMask = 2147483647;
			files = (
				002F21D5199F031B00EE889C /* XCTest.framework in Frameworks */,
				002F21D7199F031B00EE889C /* UIKit.framework in Frameworks */,
				002F21D6199F031B00EE889C /* Foundation.framework in Frameworks */,
			);
			runOnlyForDeploymentPostprocessing = 0;
		};
/* End PBXFrameworksBuildPhase section */

/* Begin PBXGroup section */
		002F21A9199F031B00EE889C = {
			isa = PBXGroup;
			children = (
				01A429D71A3D8AC000FE1F20 /* PureLayout */,
				01A429CD1A3D7F8200FE1F20 /* JASwipeCell */,
				01A429A31A3CA15800FE1F20 /* CDSideBarController */,
				01B14E1C1A38C0C30070961C /* DOPDropDownMenu */,
				01B14E0F1A3898C60070961C /* Annotation */,
				0138A9771A360F440010FF87 /* CoreData */,
				0138A97A1A360F440010FF87 /* ShareObj */,
				002F21EA199F137E00EE889C /* GHSidebarNav */,
				002F21BB199F031B00EE889C /* ShuttleBus */,
				002F21DA199F031B00EE889C /* ShuttleBusTests */,
				002F21B4199F031B00EE889C /* Frameworks */,
				002F21B3199F031B00EE889C /* Products */,
				956FC9BA247E91EB224BF21D /* Pods */,
			);
			sourceTree = "<group>";
		};
		002F21B3199F031B00EE889C /* Products */ = {
			isa = PBXGroup;
			children = (
				002F21B2199F031B00EE889C /* ShuttleBus.app */,
				002F21D3199F031B00EE889C /* ShuttleBusTests.xctest */,
			);
			name = Products;
			sourceTree = "<group>";
		};
		002F21B4199F031B00EE889C /* Frameworks */ = {
			isa = PBXGroup;
			children = (
				002F221319A08D7C00EE889C /* CoreLocation.framework */,
				002F220F19A0767B00EE889C /* MapKit.framework */,
				002F21B5199F031B00EE889C /* Foundation.framework */,
				002F21B7199F031B00EE889C /* CoreGraphics.framework */,
				002F21B9199F031B00EE889C /* UIKit.framework */,
				002F21D4199F031B00EE889C /* XCTest.framework */,
				EC31B6BC42E7EDFE6D0C3D5B /* libPods.a */,
			);
			name = Frameworks;
			sourceTree = "<group>";
		};
		002F21BB199F031B00EE889C /* ShuttleBus */ = {
			isa = PBXGroup;
			children = (
				002F220C199FBFCA00EE889C /* MenuListCell.h */,
				002F220D199FBFCA00EE889C /* MenuListCell.m */,
				002F2200199FA7C500EE889C /* MenuListViewController.h */,
				002F2201199FA7C500EE889C /* MenuListViewController.m */,
				002F2203199FB29500EE889C /* HomeViewController.h */,
				002F2204199FB29600EE889C /* HomeViewController.m */,
				002F2209199FBC9D00EE889C /* ShuttleBusViewController.h */,
				002F220A199FBC9D00EE889C /* ShuttleBusViewController.m */,
				01B850841A34D190008A2DF2 /* SettingViewController.h */,
				01B850851A34D190008A2DF2 /* SettingViewController.m */,
				01A429CA1A3D76E400FE1F20 /* BusInfoTableViewController.h */,
				01A429CB1A3D76E400FE1F20 /* BusInfoTableViewController.m */,
				01A429D41A3D8A2700FE1F20 /* BusInfoTableViewCell.h */,
				01A429D51A3D8A2700FE1F20 /* BusInfoTableViewCell.m */,
				002F2206199FB54000EE889C /* SideMenuUtil.h */,
				002F2207199FB54000EE889C /* SideMenuUtil.m */,
				002F221519A09B7F00EE889C /* MarkPoint.h */,
				002F221619A09B7F00EE889C /* MarkPoint.m */,
				002F21FD199F9EC400EE889C /* IRevealControllerProperty.h */,
				002F21C4199F031B00EE889C /* AppDelegate.h */,
				002F21C5199F031B00EE889C /* AppDelegate.m */,
				002F21C7199F031B00EE889C /* Main.storyboard */,
				002F21CA199F031B00EE889C /* ViewController.h */,
				002F21CB199F031B00EE889C /* ViewController.m */,
				002F21CD199F031B00EE889C /* Images.xcassets */,
				002F21BC199F031B00EE889C /* Supporting Files */,
			);
			path = ShuttleBus;
			sourceTree = "<group>";
		};
		002F21BC199F031B00EE889C /* Supporting Files */ = {
			isa = PBXGroup;
			children = (
				01A429C81A3D749700FE1F20 /* bgList.jpg */,
				01A429B61A3D5F4500FE1F20 /* myLocation.png */,
				01A429B41A3D5CF800FE1F20 /* busLocation.png */,
				01A429A71A3CA16F00FE1F20 /* menuChat.png */,
				01A429A81A3CA16F00FE1F20 /* menuClose.png */,
				01A429A91A3CA16F00FE1F20 /* menuIcon.png */,
				01A429AA1A3CA16F00FE1F20 /* menuMap.png */,
				01A429AB1A3CA16F00FE1F20 /* menuUsers.png */,
				01B784041A2240C600DCA563 /* mark.png */,
				01B784021A22407900DCA563 /* bus.png */,
				01B784001A22406900DCA563 /* person.png */,
				01B783FE1A223CEC00DCA563 /* icon.png */,
				01B783FA1A223C3B00DCA563 /* evening.png */,
				01B783FB1A223C3B00DCA563 /* morning.png */,
				002F21FE199FA2F900EE889C /* bgMain.jpg */,
				002F21BD199F031B00EE889C /* ShuttleBus-Info.plist */,
				002F21BE199F031B00EE889C /* InfoPlist.strings */,
				002F21C1199F031B00EE889C /* main.m */,
				002F21C3199F031B00EE889C /* ShuttleBus-Prefix.pch */,
			);
			name = "Supporting Files";
			sourceTree = "<group>";
		};
		002F21DA199F031B00EE889C /* ShuttleBusTests */ = {
			isa = PBXGroup;
			children = (
				002F21E0199F031B00EE889C /* ShuttleBusTests.m */,
				002F21DB199F031B00EE889C /* Supporting Files */,
			);
			path = ShuttleBusTests;
			sourceTree = "<group>";
		};
		002F21DB199F031B00EE889C /* Supporting Files */ = {
			isa = PBXGroup;
			children = (
				002F21DC199F031B00EE889C /* ShuttleBusTests-Info.plist */,
				002F21DD199F031B00EE889C /* InfoPlist.strings */,
			);
			name = "Supporting Files";
			sourceTree = "<group>";
		};
		002F21EA199F137E00EE889C /* GHSidebarNav */ = {
			isa = PBXGroup;
			children = (
				002F21EB199F137E00EE889C /* GHRevealViewController.h */,
				002F21EC199F137E00EE889C /* GHRevealViewController.m */,
				002F21ED199F137E00EE889C /* GHSidebarSearchViewController.h */,
				002F21EE199F137E00EE889C /* GHSidebarSearchViewController.m */,
				002F21EF199F137E00EE889C /* GHSidebarSearchViewControllerDelegate.h */,
				002F21F0199F137E00EE889C /* Images */,
			);
			path = GHSidebarNav;
			sourceTree = "<group>";
		};
		002F21F0199F137E00EE889C /* Images */ = {
			isa = PBXGroup;
			children = (
				002F21F1199F137E00EE889C /* searchBarBG.png */,
				002F21F2199F137E00EE889C /* searchBarIcon.png */,
				002F21F3199F137E00EE889C /* searchBarIcon@2x.png */,
				002F21F4199F137E00EE889C /* searchTextBG.png */,
				002F21F5199F137E00EE889C /* user.png */,
			);
			path = Images;
			sourceTree = "<group>";
		};
		0138A9771A360F440010FF87 /* CoreData */ = {
			isa = PBXGroup;
			children = (
				0138A9781A360F440010FF87 /* ClientSetting.h */,
				0138A9791A360F440010FF87 /* ClientSetting.m */,
			);
			path = CoreData;
			sourceTree = "<group>";
		};
		0138A97A1A360F440010FF87 /* ShareObj */ = {
			isa = PBXGroup;
			children = (
				01A429B11A3CB05000FE1F20 /* ShuttleAPI.h */,
				01A429B21A3CB05000FE1F20 /* ShuttleAPI.m */,
				0138A97B1A360F440010FF87 /* RestRequestor.h */,
				0138A97C1A360F440010FF87 /* RestRequestor.m */,
				0138A97D1A360F440010FF87 /* ShareObject.h */,
				0138A97E1A360F440010FF87 /* ShareObject.m */,
			);
			path = ShareObj;
			sourceTree = "<group>";
		};
		01A429A31A3CA15800FE1F20 /* CDSideBarController */ = {
			isa = PBXGroup;
			children = (
				01A429A41A3CA15800FE1F20 /* CDSideBarController.h */,
				01A429A51A3CA15800FE1F20 /* CDSideBarController.m */,
			);
			path = CDSideBarController;
			sourceTree = "<group>";
		};
		01A429CD1A3D7F8200FE1F20 /* JASwipeCell */ = {
			isa = PBXGroup;
			children = (
				01A429CE1A3D7F8200FE1F20 /* JAActionButton.h */,
				01A429CF1A3D7F8200FE1F20 /* JAActionButton.m */,
				01A429D01A3D7F8200FE1F20 /* JASwipeCell.h */,
				01A429D11A3D7F8200FE1F20 /* JASwipeCell.m */,
			);
			path = JASwipeCell;
			sourceTree = "<group>";
		};
		01A429D71A3D8AC000FE1F20 /* PureLayout */ = {
			isa = PBXGroup;
			children = (
				01A429D81A3D8AC000FE1F20 /* ALView+PureLayout.h */,
				01A429D91A3D8AC000FE1F20 /* ALView+PureLayout.m */,
				01A429DA1A3D8AC000FE1F20 /* NSArray+PureLayout.h */,
				01A429DB1A3D8AC000FE1F20 /* NSArray+PureLayout.m */,
				01A429DC1A3D8AC000FE1F20 /* NSLayoutConstraint+PureLayout.h */,
				01A429DD1A3D8AC000FE1F20 /* NSLayoutConstraint+PureLayout.m */,
				01A429DE1A3D8AC000FE1F20 /* PureLayout+Internal.h */,
				01A429DF1A3D8AC000FE1F20 /* PureLayout.h */,
				01A429E01A3D8AC000FE1F20 /* PureLayoutDefines.h */,
			);
			path = PureLayout;
			sourceTree = "<group>";
		};
		01B14E0F1A3898C60070961C /* Annotation */ = {
			isa = PBXGroup;
			children = (
				01B14E101A3899CD0070961C /* BusLocationAnnotation.h */,
				01B14E111A3899CD0070961C /* BusLocationAnnotation.m */,
				01B14E131A38A9DF0070961C /* MyLocationAnnotation.h */,
				01B14E141A38A9DF0070961C /* MyLocationAnnotation.m */,
			);
			path = Annotation;
			sourceTree = "<group>";
		};
		01B14E1C1A38C0C30070961C /* DOPDropDownMenu */ = {
			isa = PBXGroup;
			children = (
				01B14E1D1A38C0C30070961C /* DOPDropDownMenu.h */,
				01B14E1E1A38C0C30070961C /* DOPDropDownMenu.m */,
			);
			path = DOPDropDownMenu;
			sourceTree = "<group>";
		};
		956FC9BA247E91EB224BF21D /* Pods */ = {
			isa = PBXGroup;
			children = (
				824A66AC80967CE1ACD17EA6 /* Pods.debug.xcconfig */,
				5BD4E70DCD06908DA5964202 /* Pods.release.xcconfig */,
			);
			name = Pods;
			sourceTree = "<group>";
		};
/* End PBXGroup section */

/* Begin PBXNativeTarget section */
		002F21B1199F031B00EE889C /* ShuttleBus */ = {
			isa = PBXNativeTarget;
			buildConfigurationList = 002F21E4199F031B00EE889C /* Build configuration list for PBXNativeTarget "ShuttleBus" */;
			buildPhases = (
				E77F0300914EB478FA91F4F3 /* Check Pods Manifest.lock */,
				002F21AE199F031B00EE889C /* Sources */,
				002F21AF199F031B00EE889C /* Frameworks */,
				002F21B0199F031B00EE889C /* Resources */,
				CE6519E3B744EA85176242EC /* Copy Pods Resources */,
			);
			buildRules = (
			);
			dependencies = (
			);
			name = ShuttleBus;
			productName = ShuttleBus;
			productReference = 002F21B2199F031B00EE889C /* ShuttleBus.app */;
			productType = "com.apple.product-type.application";
		};
		002F21D2199F031B00EE889C /* ShuttleBusTests */ = {
			isa = PBXNativeTarget;
			buildConfigurationList = 002F21E7199F031B00EE889C /* Build configuration list for PBXNativeTarget "ShuttleBusTests" */;
			buildPhases = (
				002F21CF199F031B00EE889C /* Sources */,
				002F21D0199F031B00EE889C /* Frameworks */,
				002F21D1199F031B00EE889C /* Resources */,
			);
			buildRules = (
			);
			dependencies = (
				002F21D9199F031B00EE889C /* PBXTargetDependency */,
			);
			name = ShuttleBusTests;
			productName = ShuttleBusTests;
			productReference = 002F21D3199F031B00EE889C /* ShuttleBusTests.xctest */;
			productType = "com.apple.product-type.bundle.unit-test";
		};
/* End PBXNativeTarget section */

/* Begin PBXProject section */
		002F21AA199F031B00EE889C /* Project object */ = {
			isa = PBXProject;
			attributes = {
				LastUpgradeCheck = 0510;
				ORGANIZATIONNAME = TR;
				TargetAttributes = {
					002F21D2199F031B00EE889C = {
						TestTargetID = 002F21B1199F031B00EE889C;
					};
				};
			};
			buildConfigurationList = 002F21AD199F031B00EE889C /* Build configuration list for PBXProject "ShuttleBus" */;
			compatibilityVersion = "Xcode 3.2";
			developmentRegion = English;
			hasScannedForEncodings = 0;
			knownRegions = (
				en,
				Base,
			);
			mainGroup = 002F21A9199F031B00EE889C;
			productRefGroup = 002F21B3199F031B00EE889C /* Products */;
			projectDirPath = "";
			projectRoot = "";
			targets = (
				002F21B1199F031B00EE889C /* ShuttleBus */,
				002F21D2199F031B00EE889C /* ShuttleBusTests */,
			);
		};
/* End PBXProject section */

/* Begin PBXResourcesBuildPhase section */
		002F21B0199F031B00EE889C /* Resources */ = {
			isa = PBXResourcesBuildPhase;
			buildActionMask = 2147483647;
			files = (
				01A429B51A3D5CF800FE1F20 /* busLocation.png in Resources */,
				01B783FC1A223C3B00DCA563 /* evening.png in Resources */,
				002F21CE199F031B00EE889C /* Images.xcassets in Resources */,
				002F21FB199F137E00EE889C /* searchTextBG.png in Resources */,
				002F21FF199FA2F900EE889C /* bgMain.jpg in Resources */,
				002F21FC199F137E00EE889C /* user.png in Resources */,
				002F21FA199F137E00EE889C /* searchBarIcon@2x.png in Resources */,
				01A429AC1A3CA16F00FE1F20 /* menuChat.png in Resources */,
				002F21C0199F031B00EE889C /* InfoPlist.strings in Resources */,
				01A429AF1A3CA16F00FE1F20 /* menuMap.png in Resources */,
				002F21F8199F137E00EE889C /* searchBarBG.png in Resources */,
				01B784031A22407900DCA563 /* bus.png in Resources */,
				01A429AD1A3CA16F00FE1F20 /* menuClose.png in Resources */,
				01B783FF1A223CEC00DCA563 /* icon.png in Resources */,
				01A429AE1A3CA16F00FE1F20 /* menuIcon.png in Resources */,
				002F21C9199F031B00EE889C /* Main.storyboard in Resources */,
				01B784051A2240C600DCA563 /* mark.png in Resources */,
				002F21F9199F137E00EE889C /* searchBarIcon.png in Resources */,
				01A429B71A3D5F4500FE1F20 /* myLocation.png in Resources */,
				01B783FD1A223C3B00DCA563 /* morning.png in Resources */,
				01B784011A22406900DCA563 /* person.png in Resources */,
				01A429C91A3D749700FE1F20 /* bgList.jpg in Resources */,
				01A429B01A3CA16F00FE1F20 /* menuUsers.png in Resources */,
			);
			runOnlyForDeploymentPostprocessing = 0;
		};
		002F21D1199F031B00EE889C /* Resources */ = {
			isa = PBXResourcesBuildPhase;
			buildActionMask = 2147483647;
			files = (
				002F21DF199F031B00EE889C /* InfoPlist.strings in Resources */,
			);
			runOnlyForDeploymentPostprocessing = 0;
		};
/* End PBXResourcesBuildPhase section */

/* Begin PBXShellScriptBuildPhase section */
		CE6519E3B744EA85176242EC /* Copy Pods Resources */ = {
			isa = PBXShellScriptBuildPhase;
			buildActionMask = 2147483647;
			files = (
			);
			inputPaths = (
			);
			name = "Copy Pods Resources";
			outputPaths = (
			);
			runOnlyForDeploymentPostprocessing = 0;
			shellPath = /bin/sh;
			shellScript = "\"${SRCROOT}/Pods/Target Support Files/Pods/Pods-resources.sh\"\n";
			showEnvVarsInLog = 0;
		};
		E77F0300914EB478FA91F4F3 /* Check Pods Manifest.lock */ = {
			isa = PBXShellScriptBuildPhase;
			buildActionMask = 2147483647;
			files = (
			);
			inputPaths = (
			);
			name = "Check Pods Manifest.lock";
			outputPaths = (
			);
			runOnlyForDeploymentPostprocessing = 0;
			shellPath = /bin/sh;
			shellScript = "diff \"${PODS_ROOT}/../Podfile.lock\" \"${PODS_ROOT}/Manifest.lock\" > /dev/null\nif [[ $? != 0 ]] ; then\n    cat << EOM\nerror: The sandbox is not in sync with the Podfile.lock. Run 'pod install' or update your CocoaPods installation.\nEOM\n    exit 1\nfi\n";
			showEnvVarsInLog = 0;
		};
/* End PBXShellScriptBuildPhase section */

/* Begin PBXSourcesBuildPhase section */
		002F21AE199F031B00EE889C /* Sources */ = {
			isa = PBXSourcesBuildPhase;
			buildActionMask = 2147483647;
			files = (
				002F221719A09B7F00EE889C /* MarkPoint.m in Sources */,
				002F21F7199F137E00EE889C /* GHSidebarSearchViewController.m in Sources */,
				01B14E121A3899CD0070961C /* BusLocationAnnotation.m in Sources */,
				01A429E11A3D8AC000FE1F20 /* ALView+PureLayout.m in Sources */,
				01B850861A34D190008A2DF2 /* SettingViewController.m in Sources */,
				002F2208199FB54000EE889C /* SideMenuUtil.m in Sources */,
				002F21F6199F137E00EE889C /* GHRevealViewController.m in Sources */,
				01A429D21A3D7F8200FE1F20 /* JAActionButton.m in Sources */,
				002F21CC199F031B00EE889C /* ViewController.m in Sources */,
				01B14E1F1A38C0C30070961C /* DOPDropDownMenu.m in Sources */,
				0138A9831A360F440010FF87 /* ShareObject.m in Sources */,
				002F2202199FA7C500EE889C /* MenuListViewController.m in Sources */,
				002F220B199FBC9D00EE889C /* ShuttleBusViewController.m in Sources */,
				0138A9821A360F440010FF87 /* RestRequestor.m in Sources */,
				002F21C6199F031B00EE889C /* AppDelegate.m in Sources */,
				01A429CC1A3D76E400FE1F20 /* BusInfoTableViewController.m in Sources */,
				002F2205199FB29600EE889C /* HomeViewController.m in Sources */,
				01A429B31A3CB05000FE1F20 /* ShuttleAPI.m in Sources */,
				002F220E199FBFCA00EE889C /* MenuListCell.m in Sources */,
				01A429D61A3D8A2700FE1F20 /* BusInfoTableViewCell.m in Sources */,
				01B14E151A38A9DF0070961C /* MyLocationAnnotation.m in Sources */,
				01A429D31A3D7F8200FE1F20 /* JASwipeCell.m in Sources */,
				01A429A61A3CA15800FE1F20 /* CDSideBarController.m in Sources */,
				01A429E31A3D8AC000FE1F20 /* NSLayoutConstraint+PureLayout.m in Sources */,
				002F21C2199F031B00EE889C /* main.m in Sources */,
				01A429E21A3D8AC000FE1F20 /* NSArray+PureLayout.m in Sources */,
				0138A9811A360F440010FF87 /* ClientSetting.m in Sources */,
			);
			runOnlyForDeploymentPostprocessing = 0;
		};
		002F21CF199F031B00EE889C /* Sources */ = {
			isa = PBXSourcesBuildPhase;
			buildActionMask = 2147483647;
			files = (
				002F21E1199F031B00EE889C /* ShuttleBusTests.m in Sources */,
			);
			runOnlyForDeploymentPostprocessing = 0;
		};
/* End PBXSourcesBuildPhase section */

/* Begin PBXTargetDependency section */
		002F21D9199F031B00EE889C /* PBXTargetDependency */ = {
			isa = PBXTargetDependency;
			target = 002F21B1199F031B00EE889C /* ShuttleBus */;
			targetProxy = 002F21D8199F031B00EE889C /* PBXContainerItemProxy */;
		};
/* End PBXTargetDependency section */

/* Begin PBXVariantGroup section */
		002F21BE199F031B00EE889C /* InfoPlist.strings */ = {
			isa = PBXVariantGroup;
			children = (
				002F21BF199F031B00EE889C /* en */,
			);
			name = InfoPlist.strings;
			sourceTree = "<group>";
		};
		002F21C7199F031B00EE889C /* Main.storyboard */ = {
			isa = PBXVariantGroup;
			children = (
				002F21C8199F031B00EE889C /* Base */,
			);
			name = Main.storyboard;
			sourceTree = "<group>";
		};
		002F21DD199F031B00EE889C /* InfoPlist.strings */ = {
			isa = PBXVariantGroup;
			children = (
				002F21DE199F031B00EE889C /* en */,
			);
			name = InfoPlist.strings;
			sourceTree = "<group>";
		};
/* End PBXVariantGroup section */

/* Begin XCBuildConfiguration section */
		002F21E2199F031B00EE889C /* Debug */ = {
			isa = XCBuildConfiguration;
			buildSettings = {
				ALWAYS_SEARCH_USER_PATHS = NO;
				CLANG_CXX_LANGUAGE_STANDARD = "gnu++0x";
				CLANG_CXX_LIBRARY = "libc++";
				CLANG_ENABLE_MODULES = YES;
				CLANG_ENABLE_OBJC_ARC = YES;
				CLANG_WARN_BOOL_CONVERSION = YES;
				CLANG_WARN_CONSTANT_CONVERSION = YES;
				CLANG_WARN_DIRECT_OBJC_ISA_USAGE = YES_ERROR;
				CLANG_WARN_EMPTY_BODY = YES;
				CLANG_WARN_ENUM_CONVERSION = YES;
				CLANG_WARN_INT_CONVERSION = YES;
				CLANG_WARN_OBJC_ROOT_CLASS = YES_ERROR;
				CLANG_WARN__DUPLICATE_METHOD_MATCH = YES;
				CODE_SIGN_IDENTITY = "iPhone Developer: Viaus LingXun (T8YA585M83)";
				"CODE_SIGN_IDENTITY[sdk=iphoneos*]" = "iPhone Developer: Viaus LingXun (T8YA585M83)";
				COPY_PHASE_STRIP = NO;
				GCC_C_LANGUAGE_STANDARD = gnu99;
				GCC_DYNAMIC_NO_PIC = NO;
				GCC_OPTIMIZATION_LEVEL = 0;
				GCC_PREPROCESSOR_DEFINITIONS = (
					"DEBUG=1",
					"$(inherited)",
				);
				GCC_SYMBOLS_PRIVATE_EXTERN = NO;
				GCC_WARN_64_TO_32_BIT_CONVERSION = YES;
				GCC_WARN_ABOUT_RETURN_TYPE = YES_ERROR;
				GCC_WARN_UNDECLARED_SELECTOR = YES;
				GCC_WARN_UNINITIALIZED_AUTOS = YES_AGGRESSIVE;
				GCC_WARN_UNUSED_FUNCTION = YES;
				GCC_WARN_UNUSED_VARIABLE = YES;
				IPHONEOS_DEPLOYMENT_TARGET = 7.1;
				ONLY_ACTIVE_ARCH = YES;
				SDKROOT = iphoneos;
			};
			name = Debug;
		};
		002F21E3199F031B00EE889C /* Release */ = {
			isa = XCBuildConfiguration;
			buildSettings = {
				ALWAYS_SEARCH_USER_PATHS = NO;
				CLANG_CXX_LANGUAGE_STANDARD = "gnu++0x";
				CLANG_CXX_LIBRARY = "libc++";
				CLANG_ENABLE_MODULES = YES;
				CLANG_ENABLE_OBJC_ARC = YES;
				CLANG_WARN_BOOL_CONVERSION = YES;
				CLANG_WARN_CONSTANT_CONVERSION = YES;
				CLANG_WARN_DIRECT_OBJC_ISA_USAGE = YES_ERROR;
				CLANG_WARN_EMPTY_BODY = YES;
				CLANG_WARN_ENUM_CONVERSION = YES;
				CLANG_WARN_INT_CONVERSION = YES;
				CLANG_WARN_OBJC_ROOT_CLASS = YES_ERROR;
				CLANG_WARN__DUPLICATE_METHOD_MATCH = YES;
				CODE_SIGN_IDENTITY = "iPhone Developer: Viaus LingXun (T8YA585M83)";
				"CODE_SIGN_IDENTITY[sdk=iphoneos*]" = "iPhone Developer: Viaus LingXun (T8YA585M83)";
				COPY_PHASE_STRIP = YES;
				ENABLE_NS_ASSERTIONS = NO;
				GCC_C_LANGUAGE_STANDARD = gnu99;
				GCC_WARN_64_TO_32_BIT_CONVERSION = YES;
				GCC_WARN_ABOUT_RETURN_TYPE = YES_ERROR;
				GCC_WARN_UNDECLARED_SELECTOR = YES;
				GCC_WARN_UNINITIALIZED_AUTOS = YES_AGGRESSIVE;
				GCC_WARN_UNUSED_FUNCTION = YES;
				GCC_WARN_UNUSED_VARIABLE = YES;
				IPHONEOS_DEPLOYMENT_TARGET = 7.1;
				SDKROOT = iphoneos;
				VALIDATE_PRODUCT = YES;
			};
			name = Release;
		};
		002F21E5199F031B00EE889C /* Debug */ = {
			isa = XCBuildConfiguration;
			baseConfigurationReference = 824A66AC80967CE1ACD17EA6 /* Pods.debug.xcconfig */;
			buildSettings = {
				GCC_PRECOMPILE_PREFIX_HEADER = YES;
				GCC_PREFIX_HEADER = "ShuttleBus/ShuttleBus-Prefix.pch";
				INFOPLIST_FILE = "ShuttleBus/ShuttleBus-Info.plist";
				IPHONEOS_DEPLOYMENT_TARGET = 7.1;
				PRODUCT_NAME = "$(TARGET_NAME)";
				TARGETED_DEVICE_FAMILY = 1;
				WRAPPER_EXTENSION = app;
			};
			name = Debug;
		};
		002F21E6199F031B00EE889C /* Release */ = {
			isa = XCBuildConfiguration;
			baseConfigurationReference = 5BD4E70DCD06908DA5964202 /* Pods.release.xcconfig */;
			buildSettings = {
				GCC_PRECOMPILE_PREFIX_HEADER = YES;
				GCC_PREFIX_HEADER = "ShuttleBus/ShuttleBus-Prefix.pch";
				INFOPLIST_FILE = "ShuttleBus/ShuttleBus-Info.plist";
				IPHONEOS_DEPLOYMENT_TARGET = 7.1;
				PRODUCT_NAME = "$(TARGET_NAME)";
				TARGETED_DEVICE_FAMILY = 1;
				WRAPPER_EXTENSION = app;
			};
			name = Release;
		};
		002F21E8199F031B00EE889C /* Debug */ = {
			isa = XCBuildConfiguration;
			buildSettings = {
				BUNDLE_LOADER = "$(BUILT_PRODUCTS_DIR)/ShuttleBus.app/ShuttleBus";
				FRAMEWORK_SEARCH_PATHS = (
					"$(SDKROOT)/Developer/Library/Frameworks",
					"$(inherited)",
					"$(DEVELOPER_FRAMEWORKS_DIR)",
				);
				GCC_PRECOMPILE_PREFIX_HEADER = YES;
				GCC_PREFIX_HEADER = "ShuttleBus/ShuttleBus-Prefix.pch";
				GCC_PREPROCESSOR_DEFINITIONS = (
					"DEBUG=1",
					"$(inherited)",
				);
				INFOPLIST_FILE = "ShuttleBusTests/ShuttleBusTests-Info.plist";
				PRODUCT_NAME = "$(TARGET_NAME)";
				TEST_HOST = "$(BUNDLE_LOADER)";
				WRAPPER_EXTENSION = xctest;
			};
			name = Debug;
		};
		002F21E9199F031B00EE889C /* Release */ = {
			isa = XCBuildConfiguration;
			buildSettings = {
				BUNDLE_LOADER = "$(BUILT_PRODUCTS_DIR)/ShuttleBus.app/ShuttleBus";
				FRAMEWORK_SEARCH_PATHS = (
					"$(SDKROOT)/Developer/Library/Frameworks",
					"$(inherited)",
					"$(DEVELOPER_FRAMEWORKS_DIR)",
				);
				GCC_PRECOMPILE_PREFIX_HEADER = YES;
				GCC_PREFIX_HEADER = "ShuttleBus/ShuttleBus-Prefix.pch";
				INFOPLIST_FILE = "ShuttleBusTests/ShuttleBusTests-Info.plist";
				PRODUCT_NAME = "$(TARGET_NAME)";
				TEST_HOST = "$(BUNDLE_LOADER)";
				WRAPPER_EXTENSION = xctest;
			};
			name = Release;
		};
/* End XCBuildConfiguration section */

/* Begin XCConfigurationList section */
		002F21AD199F031B00EE889C /* Build configuration list for PBXProject "ShuttleBus" */ = {
			isa = XCConfigurationList;
			buildConfigurations = (
				002F21E2199F031B00EE889C /* Debug */,
				002F21E3199F031B00EE889C /* Release */,
			);
			defaultConfigurationIsVisible = 0;
			defaultConfigurationName = Release;
		};
		002F21E4199F031B00EE889C /* Build configuration list for PBXNativeTarget "ShuttleBus" */ = {
			isa = XCConfigurationList;
			buildConfigurations = (
				002F21E5199F031B00EE889C /* Debug */,
				002F21E6199F031B00EE889C /* Release */,
			);
			defaultConfigurationIsVisible = 0;
			defaultConfigurationName = Release;
		};
		002F21E7199F031B00EE889C /* Build configuration list for PBXNativeTarget "ShuttleBusTests" */ = {
			isa = XCConfigurationList;
			buildConfigurations = (
				002F21E8199F031B00EE889C /* Debug */,
				002F21E9199F031B00EE889C /* Release */,
			);
			defaultConfigurationIsVisible = 0;
			defaultConfigurationName = Release;
		};
/* End XCConfigurationList section */
	};
	rootObject = 002F21AA199F031B00EE889C /* Project object */;
}
